# This file is generated by running "yarn install" inside your project.
# Manual changes might be lost - proceed with caution!

__metadata:
  version: 8
  cacheKey: 10c0

"@types/geojson@npm:^7946.0.14":
  version: 7946.0.14
  resolution: "@types/geojson@npm:7946.0.14"
  checksum: 10c0/54f3997708fa2970c03eeb31f7e4540a0eb6387b15e9f8a60513a1409c23cafec8d618525404573468b59c6fecbfd053724b3327f7fca416729c26271d799f55
  languageName: node
  linkType: hard

"@types/node@npm:^20.11.17":
  version: 20.14.13
  resolution: "@types/node@npm:20.14.13"
  dependencies:
    undici-types: "npm:~5.26.4"
  checksum: 10c0/10bb3ece675308742301c652ab8c6cb88b1ebddebed22316103c58f94fe7eff131edd5f679e487c19077fadb6b5e6b1ad9a60a2cee2869aa1f20452b9761d570
  languageName: node
  linkType: hard

"denque@npm:^2.1.0":
  version: 2.1.0
  resolution: "denque@npm:2.1.0"
  checksum: 10c0/f9ef81aa0af9c6c614a727cb3bd13c5d7db2af1abf9e6352045b86e85873e629690f6222f4edd49d10e4ccf8f078bbeec0794fafaf61b659c0589d0c511ec363
  languageName: node
  linkType: hard

"iconv-lite@npm:^0.6.3":
  version: 0.6.3
  resolution: "iconv-lite@npm:0.6.3"
  dependencies:
    safer-buffer: "npm:>= 2.1.2 < 3.0.0"
  checksum: 10c0/98102bc66b33fcf5ac044099d1257ba0b7ad5e3ccd3221f34dd508ab4070edff183276221684e1e0555b145fce0850c9f7d2b60a9fcac50fbb4ea0d6e845a3b1
  languageName: node
  linkType: hard

"lru-cache@npm:^10.2.0":
  version: 10.4.3
  resolution: "lru-cache@npm:10.4.3"
  checksum: 10c0/ebd04fbca961e6c1d6c0af3799adcc966a1babe798f685bb84e6599266599cd95d94630b10262f5424539bc4640107e8a33aa28585374abf561d30d16f4b39fb
  languageName: node
  linkType: hard

"mariadb@npm:^3.0.0":
  version: 3.3.1
  resolution: "mariadb@npm:3.3.1"
  dependencies:
    "@types/geojson": "npm:^7946.0.14"
    "@types/node": "npm:^20.11.17"
    denque: "npm:^2.1.0"
    iconv-lite: "npm:^0.6.3"
    lru-cache: "npm:^10.2.0"
  checksum: 10c0/980358fd69be905b1f8e69a685c70bc8c7accedac3ab6aff8742e3f3dec649b7cedb060d7c834a460fc6c48f56eca2125b0fcb9e64198cbb54c69a85c3fdc9ee
  languageName: node
  linkType: hard

"safer-buffer@npm:>= 2.1.2 < 3.0.0":
  version: 2.1.2
  resolution: "safer-buffer@npm:2.1.2"
  checksum: 10c0/7e3c8b2e88a1841c9671094bbaeebd94448111dd90a81a1f606f3f67708a6ec57763b3b47f06da09fc6054193e0e6709e77325415dc8422b04497a8070fa02d4
  languageName: node
  linkType: hard

"supi-db-init@workspace:.":
  version: 0.0.0-use.local
  resolution: "supi-db-init@workspace:."
  dependencies:
    mariadb: "npm:^3.0.0"
  languageName: unknown
  linkType: soft

"undici-types@npm:~5.26.4":
  version: 5.26.5
  resolution: "undici-types@npm:5.26.5"
  checksum: 10c0/bb673d7876c2d411b6eb6c560e0c571eef4a01c1c19925175d16e3a30c4c428181fb8d7ae802a261f283e4166a0ac435e2f505743aa9e45d893f9a3df017b501
  languageName: node
  linkType: hard
